// !$*UTF8*$!
{
	archiveVersion = 1;
	classes = {
	};
	objectVersion = 55;
	objects = {

/* Begin PBXBuildFile section */
		BBDEB53A2967D1BF00B018C8 /* AppDelegate.swift in Sources */ = {isa = PBXBuildFile; fileRef = BBDEB5392967D1BF00B018C8 /* AppDelegate.swift */; };
		BBDEB53C2967D1BF00B018C8 /* SceneDelegate.swift in Sources */ = {isa = PBXBuildFile; fileRef = BBDEB53B2967D1BF00B018C8 /* SceneDelegate.swift */; };
		BBDEB53E2967D1BF00B018C8 /* ViewController.swift in Sources */ = {isa = PBXBuildFile; fileRef = BBDEB53D2967D1BF00B018C8 /* ViewController.swift */; };
		BBDEB5412967D1BF00B018C8 /* Main.storyboard in Resources */ = {isa = PBXBuildFile; fileRef = BBDEB53F2967D1BF00B018C8 /* Main.storyboard */; };
		BBDEB5442967D1BF00B018C8 /* Skripsi_Azka_DSS.xcdatamodeld in Sources */ = {isa = PBXBuildFile; fileRef = BBDEB5422967D1BF00B018C8 /* Skripsi_Azka_DSS.xcdatamodeld */; };
		BBDEB5462967D1C000B018C8 /* Assets.xcassets in Resources */ = {isa = PBXBuildFile; fileRef = BBDEB5452967D1C000B018C8 /* Assets.xcassets */; };
		BBDEB5492967D1C000B018C8 /* LaunchScreen.storyboard in Resources */ = {isa = PBXBuildFile; fileRef = BBDEB5472967D1C000B018C8 /* LaunchScreen.storyboard */; };
/* End PBXBuildFile section */

/* Begin PBXFileReference section */
		BBDEB5362967D1BF00B018C8 /* Skripsi_Azka-DSS.app */ = {isa = PBXFileReference; explicitFileType = wrapper.application; includeInIndex = 0; path = "Skripsi_Azka-DSS.app"; sourceTree = BUILT_PRODUCTS_DIR; };
		BBDEB5392967D1BF00B018C8 /* AppDelegate.swift */ = {isa = PBXFileReference; lastKnownFileType = sourcecode.swift; path = AppDelegate.swift; sourceTree = "<group>"; };
		BBDEB53B2967D1BF00B018C8 /* SceneDelegate.swift */ = {isa = PBXFileReference; lastKnownFileType = sourcecode.swift; path = SceneDelegate.swift; sourceTree = "<group>"; };
		BBDEB53D2967D1BF00B018C8 /* ViewController.swift */ = {isa = PBXFileReference; lastKnownFileType = sourcecode.swift; path = ViewController.swift; sourceTree = "<group>"; };
		BBDEB5402967D1BF00B018C8 /* Base */ = {isa = PBXFileReference; lastKnownFileType = file.storyboard; name = Base; path = Base.lproj/Main.storyboard; sourceTree = "<group>"; };
		BBDEB5432967D1BF00B018C8 /* Skripsi_Azka_DSS.xcdatamodel */ = {isa = PBXFileReference; lastKnownFileType = wrapper.xcdatamodel; path = Skripsi_Azka_DSS.xcdatamodel; sourceTree = "<group>"; };
		BBDEB5452967D1C000B018C8 /* Assets.xcassets */ = {isa = PBXFileReference; lastKnownFileType = folder.assetcatalog; path = Assets.xcassets; sourceTree = "<group>"; };
		BBDEB5482967D1C000B018C8 /* Base */ = {isa = PBXFileReference; lastKnownFileType = file.storyboard; name = Base; path = Base.lproj/LaunchScreen.storyboard; sourceTree = "<group>"; };
		BBDEB54A2967D1C000B018C8 /* Info.plist */ = {isa = PBXFileReference; lastKnownFileType = text.plist.xml; path = Info.plist; sourceTree = "<group>"; };
/* End PBXFileReference section */

/* Begin PBXFrameworksBuildPhase section */
		BBDEB5332967D1BF00B018C8 /* Frameworks */ = {
			isa = PBXFrameworksBuildPhase;
			buildActionMask = 2147483647;
			files = (
			);
			runOnlyForDeploymentPostprocessing = 0;
		};
/* End PBXFrameworksBuildPhase section */

/* Begin PBXGroup section */
		BBDEB52D2967D1BF00B018C8 = {
			isa = PBXGroup;
			children = (
				BBDEB5382967D1BF00B018C8 /* Skripsi_Azka-DSS */,
				BBDEB5372967D1BF00B018C8 /* Products */,
			);
			sourceTree = "<group>";
		};
		BBDEB5372967D1BF00B018C8 /* Products */ = {
			isa = PBXGroup;
			children = (
				BBDEB5362967D1BF00B018C8 /* Skripsi_Azka-DSS.app */,
			);
			name = Products;
			sourceTree = "<group>";
		};
		BBDEB5382967D1BF00B018C8 /* Skripsi_Azka-DSS */ = {
			isa = PBXGroup;
			children = (
				BBDEB5392967D1BF00B018C8 /* AppDelegate.swift */,
				BBDEB53B2967D1BF00B018C8 /* SceneDelegate.swift */,
				BBDEB53D2967D1BF00B018C8 /* ViewController.swift */,
				BBDEB53F2967D1BF00B018C8 /* Main.storyboard */,
				BBDEB5452967D1C000B018C8 /* Assets.xcassets */,
				BBDEB5472967D1C000B018C8 /* LaunchScreen.storyboard */,
				BBDEB54A2967D1C000B018C8 /* Info.plist */,
				BBDEB5422967D1BF00B018C8 /* Skripsi_Azka_DSS.xcdatamodeld */,
			);
			path = "Skripsi_Azka-DSS";
			sourceTree = "<group>";
		};
/* End PBXGroup section */

/* Begin PBXNativeTarget section */
		BBDEB5352967D1BF00B018C8 /* Skripsi_Azka-DSS */ = {
			isa = PBXNativeTarget;
			buildConfigurationList = BBDEB54D2967D1C000B018C8 /* Build configuration list for PBXNativeTarget "Skripsi_Azka-DSS" */;
			buildPhases = (
				BBDEB5322967D1BF00B018C8 /* Sources */,
				BBDEB5332967D1BF00B018C8 /* Frameworks */,
				BBDEB5342967D1BF00B018C8 /* Resources */,
			);
			buildRules = (
			);
			dependencies = (
			);
			name = "Skripsi_Azka-DSS";
			productName = "Skripsi_Azka-DSS";
			productReference = BBDEB5362967D1BF00B018C8 /* Skripsi_Azka-DSS.app */;
			productType = "com.apple.product-type.application";
		};
/* End PBXNativeTarget section */

/* Begin PBXProject section */
		BBDEB52E2967D1BF00B018C8 /* Project object */ = {
			isa = PBXProject;
			attributes = {
				BuildIndependentTargetsInParallel = 1;
				LastSwiftUpdateCheck = 1340;
				LastUpgradeCheck = 1340;
				TargetAttributes = {
					BBDEB5352967D1BF00B018C8 = {
						CreatedOnToolsVersion = 13.4.1;
					};
				};
			};
			buildConfigurationList = BBDEB5312967D1BF00B018C8 /* Build configuration list for PBXProject "Skripsi_Azka-DSS" */;
			compatibilityVersion = "Xcode 13.0";
			developmentRegion = en;
			hasScannedForEncodings = 0;
			knownRegions = (
				en,
				Base,
			);
			mainGroup = BBDEB52D2967D1BF00B018C8;
			productRefGroup = BBDEB5372967D1BF00B018C8 /* Products */;
			projectDirPath = "";
			projectRoot = "";
			targets = (
				BBDEB5352967D1BF00B018C8 /* Skripsi_Azka-DSS */,
			);
		};
/* End PBXProject section */

/* Begin PBXResourcesBuildPhase section */
		BBDEB5342967D1BF00B018C8 /* Resources */ = {
			isa = PBXResourcesBuildPhase;
			buildActionMask = 2147483647;
			files = (
				BBDEB5492967D1C000B018C8 /* LaunchScreen.storyboard in Resources */,
				BBDEB5462967D1C000B018C8 /* Assets.xcassets in Resources */,
				BBDEB5412967D1BF00B018C8 /* Main.storyboard in Resources */,
			);
			runOnlyForDeploymentPostprocessing = 0;
		};
/* End PBXResourcesBuildPhase section */

/* Begin PBXSourcesBuildPhase section */
		BBDEB5322967D1BF00B018C8 /* Sources */ = {
			isa = PBXSourcesBuildPhase;
			buildActionMask = 2147483647;
			files = (
				BBDEB53E2967D1BF00B018C8 /* ViewController.swift in Sources */,
				BBDEB5442967D1BF00B018C8 /* Skripsi_Azka_DSS.xcdatamodeld in Sources */,
				BBDEB53A2967D1BF00B018C8 /* AppDelegate.swift in Sources */,
				BBDEB53C2967D1BF00B018C8 /* SceneDelegate.swift in Sources */,
			);
			runOnlyForDeploymentPostprocessing = 0;
		};
/* End PBXSourcesBuildPhase section */

/* Begin PBXVariantGroup section */
		BBDEB53F2967D1BF00B018C8 /* Main.storyboard */ = {
			isa = PBXVariantGroup;
			children = (
				BBDEB5402967D1BF00B018C8 /* Base */,
			);
			name = Main.storyboard;
			sourceTree = "<group>";
		};
		BBDEB5472967D1C000B018C8 /* LaunchScreen.storyboard */ = {
			isa = PBXVariantGroup;
			children = (
				BBDEB5482967D1C000B018C8 /* Base */,
			);
			name = LaunchScreen.storyboard;
			sourceTree = "<group>";
		};
/* End PBXVariantGroup section */

/* Begin XCBuildConfiguration section */
		BBDEB54B2967D1C000B018C8 /* Debug */ = {
			isa = XCBuildConfiguration;
			buildSettings = {
				ALWAYS_SEARCH_USER_PATHS = NO;
				CLANG_ANALYZER_NONNULL = YES;
				CLANG_ANALYZER_NUMBER_OBJECT_CONVERSION = YES_AGGRESSIVE;
				CLANG_CXX_LANGUAGE_STANDARD = "gnu++17";
				CLANG_ENABLE_MODULES = YES;
				CLANG_ENABLE_OBJC_ARC = YES;
				CLANG_ENABLE_OBJC_WEAK = YES;
				CLANG_WARN_BLOCK_CAPTURE_AUTORELEASING = YES;
				CLANG_WARN_BOOL_CONVERSION = YES;
				CLANG_WARN_COMMA = YES;
				CLANG_WARN_CONSTANT_CONVERSION = YES;
				CLANG_WARN_DEPRECATED_OBJC_IMPLEMENTATIONS = YES;
				CLANG_WARN_DIRECT_OBJC_ISA_USAGE = YES_ERROR;
				CLANG_WARN_DOCUMENTATION_COMMENTS = YES;
				CLANG_WARN_EMPTY_BODY = YES;
				CLANG_WARN_ENUM_CONVERSION = YES;
				CLANG_WARN_INFINITE_RECURSION = YES;
				CLANG_WARN_INT_CONVERSION = YES;
				CLANG_WARN_NON_LITERAL_NULL_CONVERSION = YES;
				CLANG_WARN_OBJC_IMPLICIT_RETAIN_SELF = YES;
				CLANG_WARN_OBJC_LITERAL_CONVERSION = YES;
				CLANG_WARN_OBJC_ROOT_CLASS = YES_ERROR;
				CLANG_WARN_QUOTED_INCLUDE_IN_FRAMEWORK_HEADER = YES;
				CLANG_WARN_RANGE_LOOP_ANALYSIS = YES;
				CLANG_WARN_STRICT_PROTOTYPES = YES;
				CLANG_WARN_SUSPICIOUS_MOVE = YES;
				CLANG_WARN_UNGUARDED_AVAILABILITY = YES_AGGRESSIVE;
				CLANG_WARN_UNREACHABLE_CODE = YES;
				CLANG_WARN__DUPLICATE_METHOD_MATCH = YES;
				COPY_PHASE_STRIP = NO;
				DEBUG_INFORMATION_FORMAT = dwarf;
				ENABLE_STRICT_OBJC_MSGSEND = YES;
				ENABLE_TESTABILITY = YES;
				GCC_C_LANGUAGE_STANDARD = gnu11;
				GCC_DYNAMIC_NO_PIC = NO;
				GCC_NO_COMMON_BLOCKS = YES;
				GCC_OPTIMIZATION_LEVEL = 0;
				GCC_PREPROCESSOR_DEFINITIONS = (
					"DEBUG=1",
					"$(inherited)",
				);
				GCC_WARN_64_TO_32_BIT_CONVERSION = YES;
				GCC_WARN_ABOUT_RETURN_TYPE = YES_ERROR;
				GCC_WARN_UNDECLARED_SELECTOR = YES;
				GCC_WARN_UNINITIALIZED_AUTOS = YES_AGGRESSIVE;
				GCC_WARN_UNUSED_FUNCTION = YES;
				GCC_WARN_UNUSED_VARIABLE = YES;
				IPHONEOS_DEPLOYMENT_TARGET = 15.5;
				MTL_ENABLE_DEBUG_INFO = INCLUDE_SOURCE;
				MTL_FAST_MATH = YES;
				ONLY_ACTIVE_ARCH = YES;
				SDKROOT = iphoneos;
				SWIFT_ACTIVE_COMPILATION_CONDITIONS = DEBUG;
				SWIFT_OPTIMIZATION_LEVEL = "-Onone";
			};
			name = Debug;
		};
		BBDEB54C2967D1C000B018C8 /* Release */ = {
			isa = XCBuildConfiguration;
			buildSettings = {
				ALWAYS_SEARCH_USER_PATHS = NO;
				CLANG_ANALYZER_NONNULL = YES;
				CLANG_ANALYZER_NUMBER_OBJECT_CONVERSION = YES_AGGRESSIVE;
				CLANG_CXX_LANGUAGE_STANDARD = "gnu++17";
				CLANG_ENABLE_MODULES = YES;
				CLANG_ENABLE_OBJC_ARC = YES;
				CLANG_ENABLE_OBJC_WEAK = YES;
				CLANG_WARN_BLOCK_CAPTURE_AUTORELEASING = YES;
				CLANG_WARN_BOOL_CONVERSION = YES;
				CLANG_WARN_COMMA = YES;
				CLANG_WARN_CONSTANT_CONVERSION = YES;
				CLANG_WARN_DEPRECATED_OBJC_IMPLEMENTATIONS = YES;
				CLANG_WARN_DIRECT_OBJC_ISA_USAGE = YES_ERROR;
				CLANG_WARN_DOCUMENTATION_COMMENTS = YES;
				CLANG_WARN_EMPTY_BODY = YES;
				CLANG_WARN_ENUM_CONVERSION = YES;
				CLANG_WARN_INFINITE_RECURSION = YES;
				CLANG_WARN_INT_CONVERSION = YES;
				CLANG_WARN_NON_LITERAL_NULL_CONVERSION = YES;
				CLANG_WARN_OBJC_IMPLICIT_RETAIN_SELF = YES;
				CLANG_WARN_OBJC_LITERAL_CONVERSION = YES;
				CLANG_WARN_OBJC_ROOT_CLASS = YES_ERROR;
				CLANG_WARN_QUOTED_INCLUDE_IN_FRAMEWORK_HEADER = YES;
				CLANG_WARN_RANGE_LOOP_ANALYSIS = YES;
				CLANG_WARN_STRICT_PROTOTYPES = YES;
				CLANG_WARN_SUSPICIOUS_MOVE = YES;
				CLANG_WARN_UNGUARDED_AVAILABILITY = YES_AGGRESSIVE;
				CLANG_WARN_UNREACHABLE_CODE = YES;
				CLANG_WARN__DUPLICATE_METHOD_MATCH = YES;
				COPY_PHASE_STRIP = NO;
				DEBUG_INFORMATION_FORMAT = "dwarf-with-dsym";
				ENABLE_NS_ASSERTIONS = NO;
				ENABLE_STRICT_OBJC_MSGSEND = YES;
				GCC_C_LANGUAGE_STANDARD = gnu11;
				GCC_NO_COMMON_BLOCKS = YES;
				GCC_WARN_64_TO_32_BIT_CONVERSION = YES;
				GCC_WARN_ABOUT_RETURN_TYPE = YES_ERROR;
				GCC_WARN_UNDECLARED_SELECTOR = YES;
				GCC_WARN_UNINITIALIZED_AUTOS = YES_AGGRESSIVE;
				GCC_WARN_UNUSED_FUNCTION = YES;
				GCC_WARN_UNUSED_VARIABLE = YES;
				IPHONEOS_DEPLOYMENT_TARGET = 15.5;
				MTL_ENABLE_DEBUG_INFO = NO;
				MTL_FAST_MATH = YES;
				SDKROOT = iphoneos;
				SWIFT_COMPILATION_MODE = wholemodule;
				SWIFT_OPTIMIZATION_LEVEL = "-O";
				VALIDATE_PRODUCT = YES;
			};
			name = Release;
		};
		BBDEB54E2967D1C000B018C8 /* Debug */ = {
			isa = XCBuildConfiguration;
			buildSettings = {
				ASSETCATALOG_COMPILER_APPICON_NAME = AppIcon;
				ASSETCATALOG_COMPILER_GLOBAL_ACCENT_COLOR_NAME = AccentColor;
				CODE_SIGN_STYLE = Automatic;
				CURRENT_PROJECT_VERSION = 1;
				GENERATE_INFOPLIST_FILE = YES;
				INFOPLIST_FILE = "Skripsi_Azka-DSS/Info.plist";
				INFOPLIST_KEY_UIApplicationSupportsIndirectInputEvents = YES;
				INFOPLIST_KEY_UILaunchStoryboardName = LaunchScreen;
				INFOPLIST_KEY_UIMainStoryboardFile = Main;
				INFOPLIST_KEY_UISupportedInterfaceOrientations_iPad = "UIInterfaceOrientationPortrait UIInterfaceOrientationPortraitUpsideDown UIInterfaceOrientationLandscapeLeft UIInterfaceOrientationLandscapeRight";
				INFOPLIST_KEY_UISupportedInterfaceOrientations_iPhone = "UIInterfaceOrientationPortrait UIInterfaceOrientationLandscapeLeft UIInterfaceOrientationLandscapeRight";
				LD_RUNPATH_SEARCH_PATHS = (
					"$(inherited)",
					"@executable_path/Frameworks",
				);
				MARKETING_VERSION = 1.0;
				PRODUCT_BUNDLE_IDENTIFIER = "Azkake.Skripsi-Azka-DSS";
				PRODUCT_NAME = "$(TARGET_NAME)";
				SWIFT_EMIT_LOC_STRINGS = YES;
				SWIFT_VERSION = 5.0;
				TARGETED_DEVICE_FAMILY = "1,2";
			};
			name = Debug;
		};
		BBDEB54F2967D1C000B018C8 /* Release */ = {
			isa = XCBuildConfiguration;
			buildSettings = {
				ASSETCATALOG_COMPILER_APPICON_NAME = AppIcon;
				ASSETCATALOG_COMPILER_GLOBAL_ACCENT_COLOR_NAME = AccentColor;
				CODE_SIGN_STYLE = Automatic;
				CURRENT_PROJECT_VERSION = 1;
				GENERATE_INFOPLIST_FILE = YES;
				INFOPLIST_FILE = "Skripsi_Azka-DSS/Info.plist";
				INFOPLIST_KEY_UIApplicationSupportsIndirectInputEvents = YES;
				INFOPLIST_KEY_UILaunchStoryboardName = LaunchScreen;
				INFOPLIST_KEY_UIMainStoryboardFile = Main;
				INFOPLIST_KEY_UISupportedInterfaceOrientations_iPad = "UIInterfaceOrientationPortrait UIInterfaceOrientationPortraitUpsideDown UIInterfaceOrientationLandscapeLeft UIInterfaceOrientationLandscapeRight";
				INFOPLIST_KEY_UISupportedInterfaceOrientations_iPhone = "UIInterfaceOrientationPortrait UIInterfaceOrientationLandscapeLeft UIInterfaceOrientationLandscapeRight";
				LD_RUNPATH_SEARCH_PATHS = (
					"$(inherited)",
					"@executable_path/Frameworks",
				);
				MARKETING_VERSION = 1.0;
				PRODUCT_BUNDLE_IDENTIFIER = "Azkake.Skripsi-Azka-DSS";
				PRODUCT_NAME = "$(TARGET_NAME)";
				SWIFT_EMIT_LOC_STRINGS = YES;
				SWIFT_VERSION = 5.0;
				TARGETED_DEVICE_FAMILY = "1,2";
			};
			name = Release;
		};
/* End XCBuildConfiguration section */

/* Begin XCConfigurationList section */
		BBDEB5312967D1BF00B018C8 /* Build configuration list for PBXProject "Skripsi_Azka-DSS" */ = {
			isa = XCConfigurationList;
			buildConfigurations = (
				BBDEB54B2967D1C000B018C8 /* Debug */,
				BBDEB54C2967D1C000B018C8 /* Release */,
			);
			defaultConfigurationIsVisible = 0;
			defaultConfigurationName = Release;
		};
		BBDEB54D2967D1C000B018C8 /* Build configuration list for PBXNativeTarget "Skripsi_Azka-DSS" */ = {
			isa = XCConfigurationList;
			buildConfigurations = (
				BBDEB54E2967D1C000B018C8 /* Debug */,
				BBDEB54F2967D1C000B018C8 /* Release */,
			);
			defaultConfigurationIsVisible = 0;
			defaultConfigurationName = Release;
		};
/* End XCConfigurationList section */

/* Begin XCVersionGroup section */
		BBDEB5422967D1BF00B018C8 /* Skripsi_Azka_DSS.xcdatamodeld */ = {
			isa = XCVersionGroup;
			children = (
				BBDEB5432967D1BF00B018C8 /* Skripsi_Azka_DSS.xcdatamodel */,
			);
			currentVersion = BBDEB5432967D1BF00B018C8 /* Skripsi_Azka_DSS.xcdatamodel */;
			path = Skripsi_Azka_DSS.xcdatamodeld;
			sourceTree = "<group>";
			versionGroupType = wrapper.xcdatamodel;
		};
/* End XCVersionGroup section */
	};
	rootObject = BBDEB52E2967D1BF00B018C8 /* Project object */;
}
